
Microsoft Visual Studio Solution File, Format Version 12.00
# Visual Studio Version 17
VisualStudioVersion = 17.9.34622.214
MinimumVisualStudioVersion = 10.0.40219.1
Project("{9A19103F-16F7-4668-BE54-9A1E7A4F7556}") = "DiscountCalculator.Core", "IO2-TEST\DiscountCalculator.Core.csproj", "{E583EF92-C6F4-41DB-B8E8-71C6F2F65AC4}"
EndProject
Project("{FAE04EC0-301F-11D3-BF4B-00C04F79EFBC}") = "DiscountCalculator.Test", "DiscountCalculator.Test\DiscountCalculator.Test.csproj", "{8FD381E9-7C1E-41BB-82FB-F5610F2A5BCE}"
EndProject
Global
	GlobalSection(SolutionConfigurationPlatforms) = preSolution
		Debug|Any CPU = Debug|Any CPU
		Release|Any CPU = Release|Any CPU
	EndGlobalSection
	GlobalSection(ProjectConfigurationPlatforms) = postSolution
		{E583EF92-C6F4-41DB-B8E8-71C6F2F65AC4}.Debug|Any CPU.ActiveCfg = Debug|Any CPU
		{E583EF92-C6F4-41DB-B8E8-71C6F2F65AC4}.Debug|Any CPU.Build.0 = Debug|Any CPU
		{E583EF92-C6F4-41DB-B8E8-71C6F2F65AC4}.Release|Any CPU.ActiveCfg = Release|Any CPU
		{E583EF92-C6F4-41DB-B8E8-71C6F2F65AC4}.Release|Any CPU.Build.0 = Release|Any CPU
		{8FD381E9-7C1E-41BB-82FB-F5610F2A5BCE}.Debug|Any CPU.ActiveCfg = Debug|Any CPU
		{8FD381E9-7C1E-41BB-82FB-F5610F2A5BCE}.Debug|Any CPU.Build.0 = Debug|Any CPU
		{8FD381E9-7C1E-41BB-82FB-F5610F2A5BCE}.Release|Any CPU.ActiveCfg = Release|Any CPU
		{8FD381E9-7C1E-41BB-82FB-F5610F2A5BCE}.Release|Any CPU.Build.0 = Release|Any CPU
	EndGlobalSection
	GlobalSection(SolutionProperties) = preSolution
		HideSolutionNode = FALSE
	EndGlobalSection
	GlobalSection(ExtensibilityGlobals) = postSolution
		SolutionGuid = {6EDFF7C7-218E-44B6-A3AD-A23A73340D24}
	EndGlobalSection
EndGlobal
